// !$*UTF8*$!
{
	archiveVersion = 1;
	classes = {
	};
	objectVersion = 56;
	objects = {

/* Begin PBXBuildFile section */
		84788987292EBA63005E054D /* AppDelegate.swift in Sources */ = {isa = PBXBuildFile; fileRef = 84788986292EBA63005E054D /* AppDelegate.swift */; };
		84788989292EBA63005E054D /* SceneDelegate.swift in Sources */ = {isa = PBXBuildFile; fileRef = 84788988292EBA63005E054D /* SceneDelegate.swift */; };
		8478898E292EBA63005E054D /* Main.storyboard in Resources */ = {isa = PBXBuildFile; fileRef = 8478898C292EBA63005E054D /* Main.storyboard */; };
		84788990292EBA66005E054D /* Assets.xcassets in Resources */ = {isa = PBXBuildFile; fileRef = 8478898F292EBA66005E054D /* Assets.xcassets */; };
		84788993292EBA66005E054D /* LaunchScreen.storyboard in Resources */ = {isa = PBXBuildFile; fileRef = 84788991292EBA66005E054D /* LaunchScreen.storyboard */; };
		8478899B292EBACE005E054D /* LoginTableViewController.swift in Sources */ = {isa = PBXBuildFile; fileRef = 8478899A292EBACE005E054D /* LoginTableViewController.swift */; };
		847A1CA9292F352F009BB01C /* SignUpTableViewController.swift in Sources */ = {isa = PBXBuildFile; fileRef = 847A1CA8292F352F009BB01C /* SignUpTableViewController.swift */; };
		847A1CAB292F3898009BB01C /* HomeViewController.swift in Sources */ = {isa = PBXBuildFile; fileRef = 847A1CAA292F3898009BB01C /* HomeViewController.swift */; };
		847A1CAE292F428E009BB01C /* Utilities.swift in Sources */ = {isa = PBXBuildFile; fileRef = 847A1CAD292F428E009BB01C /* Utilities.swift */; };
		847A1CB0292F4AE9009BB01C /* HomeStoryBoard.storyboard in Resources */ = {isa = PBXBuildFile; fileRef = 847A1CAF292F4AE9009BB01C /* HomeStoryBoard.storyboard */; };
		847F3966292F2E600065BC1B /* UIAlertController.swift in Sources */ = {isa = PBXBuildFile; fileRef = 847F3965292F2E600065BC1B /* UIAlertController.swift */; };
/* End PBXBuildFile section */

/* Begin PBXFileReference section */
		84788983292EBA63005E054D /* social Login Page.app */ = {isa = PBXFileReference; explicitFileType = wrapper.application; includeInIndex = 0; path = "social Login Page.app"; sourceTree = BUILT_PRODUCTS_DIR; };
		84788986292EBA63005E054D /* AppDelegate.swift */ = {isa = PBXFileReference; lastKnownFileType = sourcecode.swift; path = AppDelegate.swift; sourceTree = "<group>"; };
		84788988292EBA63005E054D /* SceneDelegate.swift */ = {isa = PBXFileReference; lastKnownFileType = sourcecode.swift; path = SceneDelegate.swift; sourceTree = "<group>"; };
		8478898D292EBA63005E054D /* Base */ = {isa = PBXFileReference; lastKnownFileType = file.storyboard; name = Base; path = Base.lproj/Main.storyboard; sourceTree = "<group>"; };
		8478898F292EBA66005E054D /* Assets.xcassets */ = {isa = PBXFileReference; lastKnownFileType = folder.assetcatalog; path = Assets.xcassets; sourceTree = "<group>"; };
		84788992292EBA66005E054D /* Base */ = {isa = PBXFileReference; lastKnownFileType = file.storyboard; name = Base; path = Base.lproj/LaunchScreen.storyboard; sourceTree = "<group>"; };
		84788994292EBA66005E054D /* Info.plist */ = {isa = PBXFileReference; lastKnownFileType = text.plist.xml; path = Info.plist; sourceTree = "<group>"; };
		8478899A292EBACE005E054D /* LoginTableViewController.swift */ = {isa = PBXFileReference; lastKnownFileType = sourcecode.swift; path = LoginTableViewController.swift; sourceTree = "<group>"; };
		847A1CA8292F352F009BB01C /* SignUpTableViewController.swift */ = {isa = PBXFileReference; lastKnownFileType = sourcecode.swift; path = SignUpTableViewController.swift; sourceTree = "<group>"; };
		847A1CAA292F3898009BB01C /* HomeViewController.swift */ = {isa = PBXFileReference; lastKnownFileType = sourcecode.swift; path = HomeViewController.swift; sourceTree = "<group>"; };
		847A1CAD292F428E009BB01C /* Utilities.swift */ = {isa = PBXFileReference; fileEncoding = 4; lastKnownFileType = sourcecode.swift; path = Utilities.swift; sourceTree = "<group>"; };
		847A1CAF292F4AE9009BB01C /* HomeStoryBoard.storyboard */ = {isa = PBXFileReference; lastKnownFileType = file.storyboard; path = HomeStoryBoard.storyboard; sourceTree = "<group>"; };
		847F3965292F2E600065BC1B /* UIAlertController.swift */ = {isa = PBXFileReference; fileEncoding = 4; lastKnownFileType = sourcecode.swift; path = UIAlertController.swift; sourceTree = "<group>"; };
/* End PBXFileReference section */

/* Begin PBXFrameworksBuildPhase section */
		84788980292EBA63005E054D /* Frameworks */ = {
			isa = PBXFrameworksBuildPhase;
			buildActionMask = 2147483647;
			files = (
			);
			runOnlyForDeploymentPostprocessing = 0;
		};
/* End PBXFrameworksBuildPhase section */

/* Begin PBXGroup section */
		8478897A292EBA63005E054D = {
			isa = PBXGroup;
			children = (
				84788985292EBA63005E054D /* social Login Page */,
				84788984292EBA63005E054D /* Products */,
			);
			sourceTree = "<group>";
		};
		84788984292EBA63005E054D /* Products */ = {
			isa = PBXGroup;
			children = (
				84788983292EBA63005E054D /* social Login Page.app */,
			);
			name = Products;
			sourceTree = "<group>";
		};
		84788985292EBA63005E054D /* social Login Page */ = {
			isa = PBXGroup;
			children = (
				84788986292EBA63005E054D /* AppDelegate.swift */,
				84788988292EBA63005E054D /* SceneDelegate.swift */,
				847A1CAC292F428E009BB01C /* Helpers */,
				847F3965292F2E600065BC1B /* UIAlertController.swift */,
				8478899A292EBACE005E054D /* LoginTableViewController.swift */,
				847A1CA8292F352F009BB01C /* SignUpTableViewController.swift */,
				8478898C292EBA63005E054D /* Main.storyboard */,
				847A1CAF292F4AE9009BB01C /* HomeStoryBoard.storyboard */,
				847A1CAA292F3898009BB01C /* HomeViewController.swift */,
				8478898F292EBA66005E054D /* Assets.xcassets */,
				84788991292EBA66005E054D /* LaunchScreen.storyboard */,
				84788994292EBA66005E054D /* Info.plist */,
			);
			path = "social Login Page";
			sourceTree = "<group>";
		};
		847A1CAC292F428E009BB01C /* Helpers */ = {
			isa = PBXGroup;
			children = (
				847A1CAD292F428E009BB01C /* Utilities.swift */,
			);
			path = Helpers;
			sourceTree = "<group>";
		};
/* End PBXGroup section */

/* Begin PBXNativeTarget section */
		84788982292EBA63005E054D /* social Login Page */ = {
			isa = PBXNativeTarget;
			buildConfigurationList = 84788997292EBA66005E054D /* Build configuration list for PBXNativeTarget "social Login Page" */;
			buildPhases = (
				8478897F292EBA63005E054D /* Sources */,
				84788980292EBA63005E054D /* Frameworks */,
				84788981292EBA63005E054D /* Resources */,
			);
			buildRules = (
			);
			dependencies = (
			);
			name = "social Login Page";
			productName = "social Login Page";
			productReference = 84788983292EBA63005E054D /* social Login Page.app */;
			productType = "com.apple.product-type.application";
		};
/* End PBXNativeTarget section */

/* Begin PBXProject section */
		8478897B292EBA63005E054D /* Project object */ = {
			isa = PBXProject;
			attributes = {
				BuildIndependentTargetsInParallel = 1;
				LastSwiftUpdateCheck = 1400;
				LastUpgradeCheck = 1400;
				TargetAttributes = {
					84788982292EBA63005E054D = {
						CreatedOnToolsVersion = 14.0.1;
					};
				};
			};
			buildConfigurationList = 8478897E292EBA63005E054D /* Build configuration list for PBXProject "social Login Page" */;
			compatibilityVersion = "Xcode 14.0";
			developmentRegion = en;
			hasScannedForEncodings = 0;
			knownRegions = (
				en,
				Base,
			);
			mainGroup = 8478897A292EBA63005E054D;
			productRefGroup = 84788984292EBA63005E054D /* Products */;
			projectDirPath = "";
			projectRoot = "";
			targets = (
				84788982292EBA63005E054D /* social Login Page */,
			);
		};
/* End PBXProject section */

/* Begin PBXResourcesBuildPhase section */
		84788981292EBA63005E054D /* Resources */ = {
			isa = PBXResourcesBuildPhase;
			buildActionMask = 2147483647;
			files = (
				84788993292EBA66005E054D /* LaunchScreen.storyboard in Resources */,
				84788990292EBA66005E054D /* Assets.xcassets in Resources */,
				847A1CB0292F4AE9009BB01C /* HomeStoryBoard.storyboard in Resources */,
				8478898E292EBA63005E054D /* Main.storyboard in Resources */,
			);
			runOnlyForDeploymentPostprocessing = 0;
		};
/* End PBXResourcesBuildPhase section */

/* Begin PBXSourcesBuildPhase section */
		8478897F292EBA63005E054D /* Sources */ = {
			isa = PBXSourcesBuildPhase;
			buildActionMask = 2147483647;
			files = (
				847A1CA9292F352F009BB01C /* SignUpTableViewController.swift in Sources */,
				847F3966292F2E600065BC1B /* UIAlertController.swift in Sources */,
				847A1CAE292F428E009BB01C /* Utilities.swift in Sources */,
				8478899B292EBACE005E054D /* LoginTableViewController.swift in Sources */,
				84788987292EBA63005E054D /* AppDelegate.swift in Sources */,
				84788989292EBA63005E054D /* SceneDelegate.swift in Sources */,
				847A1CAB292F3898009BB01C /* HomeViewController.swift in Sources */,
			);
			runOnlyForDeploymentPostprocessing = 0;
		};
/* End PBXSourcesBuildPhase section */

/* Begin PBXVariantGroup section */
		8478898C292EBA63005E054D /* Main.storyboard */ = {
			isa = PBXVariantGroup;
			children = (
				8478898D292EBA63005E054D /* Base */,
			);
			name = Main.storyboard;
			sourceTree = "<group>";
		};
		84788991292EBA66005E054D /* LaunchScreen.storyboard */ = {
			isa = PBXVariantGroup;
			children = (
				84788992292EBA66005E054D /* Base */,
			);
			name = LaunchScreen.storyboard;
			sourceTree = "<group>";
		};
/* End PBXVariantGroup section */

/* Begin XCBuildConfiguration section */
		84788995292EBA66005E054D /* Debug */ = {
			isa = XCBuildConfiguration;
			buildSettings = {
				ALWAYS_SEARCH_USER_PATHS = NO;
				CLANG_ANALYZER_NONNULL = YES;
				CLANG_ANALYZER_NUMBER_OBJECT_CONVERSION = YES_AGGRESSIVE;
				CLANG_CXX_LANGUAGE_STANDARD = "gnu++20";
				CLANG_ENABLE_MODULES = YES;
				CLANG_ENABLE_OBJC_ARC = YES;
				CLANG_ENABLE_OBJC_WEAK = YES;
				CLANG_WARN_BLOCK_CAPTURE_AUTORELEASING = YES;
				CLANG_WARN_BOOL_CONVERSION = YES;
				CLANG_WARN_COMMA = YES;
				CLANG_WARN_CONSTANT_CONVERSION = YES;
				CLANG_WARN_DEPRECATED_OBJC_IMPLEMENTATIONS = YES;
				CLANG_WARN_DIRECT_OBJC_ISA_USAGE = YES_ERROR;
				CLANG_WARN_DOCUMENTATION_COMMENTS = YES;
				CLANG_WARN_EMPTY_BODY = YES;
				CLANG_WARN_ENUM_CONVERSION = YES;
				CLANG_WARN_INFINITE_RECURSION = YES;
				CLANG_WARN_INT_CONVERSION = YES;
				CLANG_WARN_NON_LITERAL_NULL_CONVERSION = YES;
				CLANG_WARN_OBJC_IMPLICIT_RETAIN_SELF = YES;
				CLANG_WARN_OBJC_LITERAL_CONVERSION = YES;
				CLANG_WARN_OBJC_ROOT_CLASS = YES_ERROR;
				CLANG_WARN_QUOTED_INCLUDE_IN_FRAMEWORK_HEADER = YES;
				CLANG_WARN_RANGE_LOOP_ANALYSIS = YES;
				CLANG_WARN_STRICT_PROTOTYPES = YES;
				CLANG_WARN_SUSPICIOUS_MOVE = YES;
				CLANG_WARN_UNGUARDED_AVAILABILITY = YES_AGGRESSIVE;
				CLANG_WARN_UNREACHABLE_CODE = YES;
				CLANG_WARN__DUPLICATE_METHOD_MATCH = YES;
				COPY_PHASE_STRIP = NO;
				DEBUG_INFORMATION_FORMAT = dwarf;
				ENABLE_STRICT_OBJC_MSGSEND = YES;
				ENABLE_TESTABILITY = YES;
				GCC_C_LANGUAGE_STANDARD = gnu11;
				GCC_DYNAMIC_NO_PIC = NO;
				GCC_NO_COMMON_BLOCKS = YES;
				GCC_OPTIMIZATION_LEVEL = 0;
				GCC_PREPROCESSOR_DEFINITIONS = (
					"DEBUG=1",
					"$(inherited)",
				);
				GCC_WARN_64_TO_32_BIT_CONVERSION = YES;
				GCC_WARN_ABOUT_RETURN_TYPE = YES_ERROR;
				GCC_WARN_UNDECLARED_SELECTOR = YES;
				GCC_WARN_UNINITIALIZED_AUTOS = YES_AGGRESSIVE;
				GCC_WARN_UNUSED_FUNCTION = YES;
				GCC_WARN_UNUSED_VARIABLE = YES;
				IPHONEOS_DEPLOYMENT_TARGET = 16.0;
				MTL_ENABLE_DEBUG_INFO = INCLUDE_SOURCE;
				MTL_FAST_MATH = YES;
				ONLY_ACTIVE_ARCH = YES;
				SDKROOT = iphoneos;
				SWIFT_ACTIVE_COMPILATION_CONDITIONS = DEBUG;
				SWIFT_OPTIMIZATION_LEVEL = "-Onone";
			};
			name = Debug;
		};
		84788996292EBA66005E054D /* Release */ = {
			isa = XCBuildConfiguration;
			buildSettings = {
				ALWAYS_SEARCH_USER_PATHS = NO;
				CLANG_ANALYZER_NONNULL = YES;
				CLANG_ANALYZER_NUMBER_OBJECT_CONVERSION = YES_AGGRESSIVE;
				CLANG_CXX_LANGUAGE_STANDARD = "gnu++20";
				CLANG_ENABLE_MODULES = YES;
				CLANG_ENABLE_OBJC_ARC = YES;
				CLANG_ENABLE_OBJC_WEAK = YES;
				CLANG_WARN_BLOCK_CAPTURE_AUTORELEASING = YES;
				CLANG_WARN_BOOL_CONVERSION = YES;
				CLANG_WARN_COMMA = YES;
				CLANG_WARN_CONSTANT_CONVERSION = YES;
				CLANG_WARN_DEPRECATED_OBJC_IMPLEMENTATIONS = YES;
				CLANG_WARN_DIRECT_OBJC_ISA_USAGE = YES_ERROR;
				CLANG_WARN_DOCUMENTATION_COMMENTS = YES;
				CLANG_WARN_EMPTY_BODY = YES;
				CLANG_WARN_ENUM_CONVERSION = YES;
				CLANG_WARN_INFINITE_RECURSION = YES;
				CLANG_WARN_INT_CONVERSION = YES;
				CLANG_WARN_NON_LITERAL_NULL_CONVERSION = YES;
				CLANG_WARN_OBJC_IMPLICIT_RETAIN_SELF = YES;
				CLANG_WARN_OBJC_LITERAL_CONVERSION = YES;
				CLANG_WARN_OBJC_ROOT_CLASS = YES_ERROR;
				CLANG_WARN_QUOTED_INCLUDE_IN_FRAMEWORK_HEADER = YES;
				CLANG_WARN_RANGE_LOOP_ANALYSIS = YES;
				CLANG_WARN_STRICT_PROTOTYPES = YES;
				CLANG_WARN_SUSPICIOUS_MOVE = YES;
				CLANG_WARN_UNGUARDED_AVAILABILITY = YES_AGGRESSIVE;
				CLANG_WARN_UNREACHABLE_CODE = YES;
				CLANG_WARN__DUPLICATE_METHOD_MATCH = YES;
				COPY_PHASE_STRIP = NO;
				DEBUG_INFORMATION_FORMAT = "dwarf-with-dsym";
				ENABLE_NS_ASSERTIONS = NO;
				ENABLE_STRICT_OBJC_MSGSEND = YES;
				GCC_C_LANGUAGE_STANDARD = gnu11;
				GCC_NO_COMMON_BLOCKS = YES;
				GCC_WARN_64_TO_32_BIT_CONVERSION = YES;
				GCC_WARN_ABOUT_RETURN_TYPE = YES_ERROR;
				GCC_WARN_UNDECLARED_SELECTOR = YES;
				GCC_WARN_UNINITIALIZED_AUTOS = YES_AGGRESSIVE;
				GCC_WARN_UNUSED_FUNCTION = YES;
				GCC_WARN_UNUSED_VARIABLE = YES;
				IPHONEOS_DEPLOYMENT_TARGET = 16.0;
				MTL_ENABLE_DEBUG_INFO = NO;
				MTL_FAST_MATH = YES;
				SDKROOT = iphoneos;
				SWIFT_COMPILATION_MODE = wholemodule;
				SWIFT_OPTIMIZATION_LEVEL = "-O";
				VALIDATE_PRODUCT = YES;
			};
			name = Release;
		};
		84788998292EBA66005E054D /* Debug */ = {
			isa = XCBuildConfiguration;
			buildSettings = {
				ASSETCATALOG_COMPILER_APPICON_NAME = AppIcon;
				ASSETCATALOG_COMPILER_GLOBAL_ACCENT_COLOR_NAME = AccentColor;
				CODE_SIGN_STYLE = Automatic;
				CURRENT_PROJECT_VERSION = 1;
				GENERATE_INFOPLIST_FILE = YES;
				INFOPLIST_FILE = "social Login Page/Info.plist";
				INFOPLIST_KEY_UIApplicationSupportsIndirectInputEvents = YES;
				INFOPLIST_KEY_UILaunchStoryboardName = LaunchScreen;
				INFOPLIST_KEY_UIMainStoryboardFile = Main;
				INFOPLIST_KEY_UISupportedInterfaceOrientations_iPad = "UIInterfaceOrientationPortrait UIInterfaceOrientationPortraitUpsideDown UIInterfaceOrientationLandscapeLeft UIInterfaceOrientationLandscapeRight";
				INFOPLIST_KEY_UISupportedInterfaceOrientations_iPhone = "UIInterfaceOrientationPortrait UIInterfaceOrientationLandscapeLeft UIInterfaceOrientationLandscapeRight";
				LD_RUNPATH_SEARCH_PATHS = (
					"$(inherited)",
					"@executable_path/Frameworks",
				);
				MARKETING_VERSION = 1.0;
				PRODUCT_BUNDLE_IDENTIFIER = "com.bridgelabz.social-Login-Page";
				PRODUCT_NAME = "$(TARGET_NAME)";
				SWIFT_EMIT_LOC_STRINGS = YES;
				SWIFT_VERSION = 5.0;
				TARGETED_DEVICE_FAMILY = "1,2";
			};
			name = Debug;
		};
		84788999292EBA66005E054D /* Release */ = {
			isa = XCBuildConfiguration;
			buildSettings = {
				ASSETCATALOG_COMPILER_APPICON_NAME = AppIcon;
				ASSETCATALOG_COMPILER_GLOBAL_ACCENT_COLOR_NAME = AccentColor;
				CODE_SIGN_STYLE = Automatic;
				CURRENT_PROJECT_VERSION = 1;
				GENERATE_INFOPLIST_FILE = YES;
				INFOPLIST_FILE = "social Login Page/Info.plist";
				INFOPLIST_KEY_UIApplicationSupportsIndirectInputEvents = YES;
				INFOPLIST_KEY_UILaunchStoryboardName = LaunchScreen;
				INFOPLIST_KEY_UIMainStoryboardFile = Main;
				INFOPLIST_KEY_UISupportedInterfaceOrientations_iPad = "UIInterfaceOrientationPortrait UIInterfaceOrientationPortraitUpsideDown UIInterfaceOrientationLandscapeLeft UIInterfaceOrientationLandscapeRight";
				INFOPLIST_KEY_UISupportedInterfaceOrientations_iPhone = "UIInterfaceOrientationPortrait UIInterfaceOrientationLandscapeLeft UIInterfaceOrientationLandscapeRight";
				LD_RUNPATH_SEARCH_PATHS = (
					"$(inherited)",
					"@executable_path/Frameworks",
				);
				MARKETING_VERSION = 1.0;
				PRODUCT_BUNDLE_IDENTIFIER = "com.bridgelabz.social-Login-Page";
				PRODUCT_NAME = "$(TARGET_NAME)";
				SWIFT_EMIT_LOC_STRINGS = YES;
				SWIFT_VERSION = 5.0;
				TARGETED_DEVICE_FAMILY = "1,2";
			};
			name = Release;
		};
/* End XCBuildConfiguration section */

/* Begin XCConfigurationList section */
		8478897E292EBA63005E054D /* Build configuration list for PBXProject "social Login Page" */ = {
			isa = XCConfigurationList;
			buildConfigurations = (
				84788995292EBA66005E054D /* Debug */,
				84788996292EBA66005E054D /* Release */,
			);
			defaultConfigurationIsVisible = 0;
			defaultConfigurationName = Release;
		};
		84788997292EBA66005E054D /* Build configuration list for PBXNativeTarget "social Login Page" */ = {
			isa = XCConfigurationList;
			buildConfigurations = (
				84788998292EBA66005E054D /* Debug */,
				84788999292EBA66005E054D /* Release */,
			);
			defaultConfigurationIsVisible = 0;
			defaultConfigurationName = Release;
		};
/* End XCConfigurationList section */
	};
	rootObject = 8478897B292EBA63005E054D /* Project object */;
}
